<?xml version="1.0" encoding="utf-8"?>
<Project ToolsVersion="4.0" xmlns="http://schemas.microsoft.com/developer/msbuild/2003">
  <ItemGroup>
    <Filter Include="소스 파일">
      <UniqueIdentifier>{4FC737F1-C7A5-4376-A066-2A32D752A2FF}</UniqueIdentifier>
      <Extensions>cpp;c;cc;cxx;c++;cppm;ixx;def;odl;idl;hpj;bat;asm;asmx</Extensions>
    </Filter>
    <Filter Include="리소스 파일">
      <UniqueIdentifier>{67DA6AB6-F800-4c08-8B7A-83BB121AAD01}</UniqueIdentifier>
      <Extensions>rc;ico;cur;bmp;dlg;rc2;rct;bin;rgs;gif;jpg;jpeg;jpe;resx;tiff;tif;png;wav;mfcribbon-ms</Extensions>
    </Filter>
    <Filter Include="소스 파일\00. MainGame">
      <UniqueIdentifier>{47707334-4080-4757-86c9-ba81bf76e675}</UniqueIdentifier>
    </Filter>
    <Filter Include="소스 파일\99. Headers">
      <UniqueIdentifier>{6b4c7231-dd05-496b-98ba-ccf590b6a475}</UniqueIdentifier>
    </Filter>
    <Filter Include="소스 파일\00. MainGame\Main">
      <UniqueIdentifier>{3a3a335a-bbec-4080-99e1-baa3426e44ef}</UniqueIdentifier>
    </Filter>
    <Filter Include="소스 파일\01. Managers">
      <UniqueIdentifier>{413bfd4e-e784-4a47-927a-bba024d8c71e}</UniqueIdentifier>
    </Filter>
    <Filter Include="소스 파일\99. Headers\pch">
      <UniqueIdentifier>{29bf340d-1f61-4efc-a62c-611cae15d1af}</UniqueIdentifier>
    </Filter>
  </ItemGroup>
  <ItemGroup>
    <ClCompile Include="Framework\GameMain.cpp">
      <Filter>소스 파일\00. MainGame\Main</Filter>
    </ClCompile>
    <ClCompile Include="Framework\Game.cpp">
      <Filter>소스 파일\00. MainGame</Filter>
    </ClCompile>
    <ClCompile Include="Framework\GameManager.cpp">
      <Filter>소스 파일\01. Managers</Filter>
    </ClCompile>
    <ClCompile Include="Framework\InputManager.cpp">
      <Filter>소스 파일\01. Managers</Filter>
    </ClCompile>
    <ClCompile Include="Framework\pch.cpp">
      <Filter>소스 파일\99. Headers\pch</Filter>
    </ClCompile>
    <ClCompile Include="Framework\Utils.cpp">
      <Filter>소스 파일\99. Headers</Filter>
    </ClCompile>
    <ClCompile Include="Framework\FileManager.cpp">
      <Filter>소스 파일\01. Managers</Filter>
    </ClCompile>
  </ItemGroup>
  <ItemGroup>
    <ClInclude Include="Framework\Game.h">
      <Filter>소스 파일\00. MainGame</Filter>
    </ClInclude>
    <ClInclude Include="Framework\Defines.h">
      <Filter>소스 파일\99. Headers</Filter>
    </ClInclude>
    <ClInclude Include="Framework\GameManager.h">
      <Filter>소스 파일\01. Managers</Filter>
    </ClInclude>
    <ClInclude Include="Framework\InputManager.h">
      <Filter>소스 파일\01. Managers</Filter>
    </ClInclude>
    <ClInclude Include="Framework\Enums.h">
      <Filter>소스 파일\99. Headers</Filter>
    </ClInclude>
    <ClInclude Include="Framework\Types.h">
      <Filter>소스 파일\99. Headers</Filter>
    </ClInclude>
    <ClInclude Include="Framework\pch.h">
      <Filter>소스 파일\99. Headers\pch</Filter>
    </ClInclude>
    <ClInclude Include="Framework\json.hpp">
      <Filter>소스 파일\99. Headers</Filter>
    </ClInclude>
    <ClInclude Include="Framework\Utils.h">
      <Filter>소스 파일\99. Headers</Filter>
    </ClInclude>
    <ClInclude Include="Framework\FileManager.h">
      <Filter>소스 파일\01. Managers</Filter>
    </ClInclude>
    <ClInclude Include="Framework\ResourceManager.h">
      <Filter>소스 파일\01. Managers</Filter>
    </ClInclude>
  </ItemGroup>
</Project>